
Microsoft Visual Studio Solution File, Format Version 12.00
# Visual Studio Version 17
VisualStudioVersion = 17.1.32421.90
MinimumVisualStudioVersion = 10.0.40219.1
Project("{FAE04EC0-301F-11D3-BF4B-00C04F79EFBC}") = "TextAdventure_LittleBetter", "TextAdventure_LittleBetter\TextAdventure_LittleBetter.csproj", "{7AB998ED-BCF6-4DC5-9A51-0FAB8D5AEB41}"
EndProject
Global
	GlobalSection(SolutionConfigurationPlatforms) = preSolution
		Debug|Any CPU = Debug|Any CPU
		Release|Any CPU = Release|Any CPU
	EndGlobalSection
	GlobalSection(ProjectConfigurationPlatforms) = postSolution
		{7AB998ED-BCF6-4DC5-9A51-0FAB8D5AEB41}.Debug|Any CPU.ActiveCfg = Debug|Any CPU
		{7AB998ED-BCF6-4DC5-9A51-0FAB8D5AEB41}.Debug|Any CPU.Build.0 = Debug|Any CPU
		{7AB998ED-BCF6-4DC5-9A51-0FAB8D5AEB41}.Release|Any CPU.ActiveCfg = Release|Any CPU
		{7AB998ED-BCF6-4DC5-9A51-0FAB8D5AEB41}.Release|Any CPU.Build.0 = Release|Any CPU
	EndGlobalSection
	GlobalSection(SolutionProperties) = preSolution
		HideSolutionNode = FALSE
	EndGlobalSection
	GlobalSection(ExtensibilityGlobals) = postSolution
		SolutionGuid = {C9B1740E-AE95-4D69-87C3-DEE7BF7BB0E2}
	EndGlobalSection
EndGlobal
